
Microsoft Visual Studio Solution File, Format Version 12.00
# Visual Studio Version 17
VisualStudioVersion = 17.11.35303.130
MinimumVisualStudioVersion = 10.0.40219.1
Project("{FAE04EC0-301F-11D3-BF4B-00C04F79EFBC}") = "Lab1V2", "Lab1V2\Lab1V2.csproj", "{89B4AF0E-8066-4DE3-966A-354717F975AD}"
EndProject
Project("{FAE04EC0-301F-11D3-BF4B-00C04F79EFBC}") = "Lab1V2Library", "Lab1V2Library\Lab1V2Library.csproj", "{B15545B6-B5FC-4B03-8C1D-06579E04E633}"
EndProject
Global
	GlobalSection(SolutionConfigurationPlatforms) = preSolution
		Debug|Any CPU = Debug|Any CPU
		Release|Any CPU = Release|Any CPU
	EndGlobalSection
	GlobalSection(ProjectConfigurationPlatforms) = postSolution
		{89B4AF0E-8066-4DE3-966A-354717F975AD}.Debug|Any CPU.ActiveCfg = Debug|Any CPU
		{89B4AF0E-8066-4DE3-966A-354717F975AD}.Debug|Any CPU.Build.0 = Debug|Any CPU
		{89B4AF0E-8066-4DE3-966A-354717F975AD}.Release|Any CPU.ActiveCfg = Release|Any CPU
		{89B4AF0E-8066-4DE3-966A-354717F975AD}.Release|Any CPU.Build.0 = Release|Any CPU
		{B15545B6-B5FC-4B03-8C1D-06579E04E633}.Debug|Any CPU.ActiveCfg = Debug|Any CPU
		{B15545B6-B5FC-4B03-8C1D-06579E04E633}.Debug|Any CPU.Build.0 = Debug|Any CPU
		{B15545B6-B5FC-4B03-8C1D-06579E04E633}.Release|Any CPU.ActiveCfg = Release|Any CPU
		{B15545B6-B5FC-4B03-8C1D-06579E04E633}.Release|Any CPU.Build.0 = Release|Any CPU
	EndGlobalSection
	GlobalSection(SolutionProperties) = preSolution
		HideSolutionNode = FALSE
	EndGlobalSection
	GlobalSection(ExtensibilityGlobals) = postSolution
		SolutionGuid = {FA36C642-2580-46DF-82FF-0EE25036DFBA}
	EndGlobalSection
EndGlobal
